
Microsoft Visual Studio Solution File, Format Version 12.00
# Visual Studio Version 17
VisualStudioVersion = 17.0.32014.148
MinimumVisualStudioVersion = 10.0.40219.1
Project("{9A19103F-16F7-4668-BE54-9A1E7A4F7556}") = "ChainOfResponsibility", "ChainOfResponsibility\ChainOfResponsibility.csproj", "{0A8ED3E4-B19A-40D1-98D5-1D259EA2C869}"
EndProject
Project("{9A19103F-16F7-4668-BE54-9A1E7A4F7556}") = "Command", "Command\Command.csproj", "{98F968EB-6427-4824-925A-E1C723EB2AE9}"
EndProject
Project("{9A19103F-16F7-4668-BE54-9A1E7A4F7556}") = "Compound", "Compound\Compound.csproj", "{C6478C08-8DD2-4841-82F0-EF65CBA49513}"
EndProject
Project("{9A19103F-16F7-4668-BE54-9A1E7A4F7556}") = "Mediator", "Mediator\Mediator.csproj", "{F6711F1C-53DE-4CB6-A1D3-4A93DFF28B9C}"
EndProject
Project("{9A19103F-16F7-4668-BE54-9A1E7A4F7556}") = "Singleton", "Singleton\Singleton.csproj", "{163AEE16-0965-40F3-960E-DF34AF30DA3F}"
EndProject
Project("{9A19103F-16F7-4668-BE54-9A1E7A4F7556}") = "Flyweight", "Flyweight\Flyweight.csproj", "{EF78B137-69B6-43F4-9E4C-FB1F87589FBB}"
EndProject
Project("{9A19103F-16F7-4668-BE54-9A1E7A4F7556}") = "FactoryMethod", "FactoryMethod\FactoryMethod.csproj", "{2DF5CC65-5093-4DDD-95FF-DE70248CC4A0}"
EndProject
Project("{9A19103F-16F7-4668-BE54-9A1E7A4F7556}") = "Decorator", "Decorator\Decorator.csproj", "{3393BACE-9AA9-4EC8-BAAF-9E3854120BDF}"
EndProject
Project("{9A19103F-16F7-4668-BE54-9A1E7A4F7556}") = "Composite", "Composite\Composite.csproj", "{BEFE45A7-A424-42B9-8EC4-9E5D9060F66A}"
EndProject
Project("{9A19103F-16F7-4668-BE54-9A1E7A4F7556}") = "Builder", "Builder\Builder.csproj", "{DEF4C452-BA15-4459-8245-C4AA8C6EF196}"
EndProject
Project("{9A19103F-16F7-4668-BE54-9A1E7A4F7556}") = "Adapter", "Adapter\Adapter.csproj", "{F7DA4791-564A-46B4-B453-0B76A4D00D97}"
EndProject
Project("{FAE04EC0-301F-11D3-BF4B-00C04F79EFBC}") = "Bridge", "Bridge\Bridge.csproj", "{80DB7C08-B0DF-434A-A103-2038B1E91F64}"
EndProject
Project("{FAE04EC0-301F-11D3-BF4B-00C04F79EFBC}") = "Facade", "Facade\Facade.csproj", "{C4A5D006-4E13-42DD-8C99-8D49C20E0886}"
EndProject
Global
	GlobalSection(SolutionConfigurationPlatforms) = preSolution
		Debug|Any CPU = Debug|Any CPU
		Release|Any CPU = Release|Any CPU
	EndGlobalSection
	GlobalSection(ProjectConfigurationPlatforms) = postSolution
		{0A8ED3E4-B19A-40D1-98D5-1D259EA2C869}.Debug|Any CPU.ActiveCfg = Debug|Any CPU
		{0A8ED3E4-B19A-40D1-98D5-1D259EA2C869}.Debug|Any CPU.Build.0 = Debug|Any CPU
		{0A8ED3E4-B19A-40D1-98D5-1D259EA2C869}.Release|Any CPU.ActiveCfg = Release|Any CPU
		{0A8ED3E4-B19A-40D1-98D5-1D259EA2C869}.Release|Any CPU.Build.0 = Release|Any CPU
		{98F968EB-6427-4824-925A-E1C723EB2AE9}.Debug|Any CPU.ActiveCfg = Debug|Any CPU
		{98F968EB-6427-4824-925A-E1C723EB2AE9}.Debug|Any CPU.Build.0 = Debug|Any CPU
		{98F968EB-6427-4824-925A-E1C723EB2AE9}.Release|Any CPU.ActiveCfg = Release|Any CPU
		{98F968EB-6427-4824-925A-E1C723EB2AE9}.Release|Any CPU.Build.0 = Release|Any CPU
		{C6478C08-8DD2-4841-82F0-EF65CBA49513}.Debug|Any CPU.ActiveCfg = Debug|Any CPU
		{C6478C08-8DD2-4841-82F0-EF65CBA49513}.Debug|Any CPU.Build.0 = Debug|Any CPU
		{C6478C08-8DD2-4841-82F0-EF65CBA49513}.Release|Any CPU.ActiveCfg = Release|Any CPU
		{C6478C08-8DD2-4841-82F0-EF65CBA49513}.Release|Any CPU.Build.0 = Release|Any CPU
		{F6711F1C-53DE-4CB6-A1D3-4A93DFF28B9C}.Debug|Any CPU.ActiveCfg = Debug|Any CPU
		{F6711F1C-53DE-4CB6-A1D3-4A93DFF28B9C}.Debug|Any CPU.Build.0 = Debug|Any CPU
		{F6711F1C-53DE-4CB6-A1D3-4A93DFF28B9C}.Release|Any CPU.ActiveCfg = Release|Any CPU
		{F6711F1C-53DE-4CB6-A1D3-4A93DFF28B9C}.Release|Any CPU.Build.0 = Release|Any CPU
		{163AEE16-0965-40F3-960E-DF34AF30DA3F}.Debug|Any CPU.ActiveCfg = Debug|Any CPU
		{163AEE16-0965-40F3-960E-DF34AF30DA3F}.Debug|Any CPU.Build.0 = Debug|Any CPU
		{163AEE16-0965-40F3-960E-DF34AF30DA3F}.Release|Any CPU.ActiveCfg = Release|Any CPU
		{163AEE16-0965-40F3-960E-DF34AF30DA3F}.Release|Any CPU.Build.0 = Release|Any CPU
		{EF78B137-69B6-43F4-9E4C-FB1F87589FBB}.Debug|Any CPU.ActiveCfg = Debug|Any CPU
		{EF78B137-69B6-43F4-9E4C-FB1F87589FBB}.Debug|Any CPU.Build.0 = Debug|Any CPU
		{EF78B137-69B6-43F4-9E4C-FB1F87589FBB}.Release|Any CPU.ActiveCfg = Release|Any CPU
		{EF78B137-69B6-43F4-9E4C-FB1F87589FBB}.Release|Any CPU.Build.0 = Release|Any CPU
		{2DF5CC65-5093-4DDD-95FF-DE70248CC4A0}.Debug|Any CPU.ActiveCfg = Debug|Any CPU
		{2DF5CC65-5093-4DDD-95FF-DE70248CC4A0}.Debug|Any CPU.Build.0 = Debug|Any CPU
		{2DF5CC65-5093-4DDD-95FF-DE70248CC4A0}.Release|Any CPU.ActiveCfg = Release|Any CPU
		{2DF5CC65-5093-4DDD-95FF-DE70248CC4A0}.Release|Any CPU.Build.0 = Release|Any CPU
		{3393BACE-9AA9-4EC8-BAAF-9E3854120BDF}.Debug|Any CPU.ActiveCfg = Debug|Any CPU
		{3393BACE-9AA9-4EC8-BAAF-9E3854120BDF}.Debug|Any CPU.Build.0 = Debug|Any CPU
		{3393BACE-9AA9-4EC8-BAAF-9E3854120BDF}.Release|Any CPU.ActiveCfg = Release|Any CPU
		{3393BACE-9AA9-4EC8-BAAF-9E3854120BDF}.Release|Any CPU.Build.0 = Release|Any CPU
		{BEFE45A7-A424-42B9-8EC4-9E5D9060F66A}.Debug|Any CPU.ActiveCfg = Debug|Any CPU
		{BEFE45A7-A424-42B9-8EC4-9E5D9060F66A}.Debug|Any CPU.Build.0 = Debug|Any CPU
		{BEFE45A7-A424-42B9-8EC4-9E5D9060F66A}.Release|Any CPU.ActiveCfg = Release|Any CPU
		{BEFE45A7-A424-42B9-8EC4-9E5D9060F66A}.Release|Any CPU.Build.0 = Release|Any CPU
		{DEF4C452-BA15-4459-8245-C4AA8C6EF196}.Debug|Any CPU.ActiveCfg = Debug|Any CPU
		{DEF4C452-BA15-4459-8245-C4AA8C6EF196}.Debug|Any CPU.Build.0 = Debug|Any CPU
		{DEF4C452-BA15-4459-8245-C4AA8C6EF196}.Release|Any CPU.ActiveCfg = Release|Any CPU
		{DEF4C452-BA15-4459-8245-C4AA8C6EF196}.Release|Any CPU.Build.0 = Release|Any CPU
		{F7DA4791-564A-46B4-B453-0B76A4D00D97}.Debug|Any CPU.ActiveCfg = Debug|Any CPU
		{F7DA4791-564A-46B4-B453-0B76A4D00D97}.Debug|Any CPU.Build.0 = Debug|Any CPU
		{F7DA4791-564A-46B4-B453-0B76A4D00D97}.Release|Any CPU.ActiveCfg = Release|Any CPU
		{F7DA4791-564A-46B4-B453-0B76A4D00D97}.Release|Any CPU.Build.0 = Release|Any CPU
		{80DB7C08-B0DF-434A-A103-2038B1E91F64}.Debug|Any CPU.ActiveCfg = Debug|Any CPU
		{80DB7C08-B0DF-434A-A103-2038B1E91F64}.Debug|Any CPU.Build.0 = Debug|Any CPU
		{80DB7C08-B0DF-434A-A103-2038B1E91F64}.Release|Any CPU.ActiveCfg = Release|Any CPU
		{80DB7C08-B0DF-434A-A103-2038B1E91F64}.Release|Any CPU.Build.0 = Release|Any CPU
		{C4A5D006-4E13-42DD-8C99-8D49C20E0886}.Debug|Any CPU.ActiveCfg = Debug|Any CPU
		{C4A5D006-4E13-42DD-8C99-8D49C20E0886}.Debug|Any CPU.Build.0 = Debug|Any CPU
		{C4A5D006-4E13-42DD-8C99-8D49C20E0886}.Release|Any CPU.ActiveCfg = Release|Any CPU
		{C4A5D006-4E13-42DD-8C99-8D49C20E0886}.Release|Any CPU.Build.0 = Release|Any CPU
	EndGlobalSection
	GlobalSection(SolutionProperties) = preSolution
		HideSolutionNode = FALSE
	EndGlobalSection
	GlobalSection(ExtensibilityGlobals) = postSolution
		SolutionGuid = {63228258-391F-464E-A5C7-1C9BBB590176}
	EndGlobalSection
EndGlobal
