
Microsoft Visual Studio Solution File, Format Version 12.00
# Visual Studio Version 17
VisualStudioVersion = 17.0.32014.148
MinimumVisualStudioVersion = 10.0.40219.1
Project("{9A19103F-16F7-4668-BE54-9A1E7A4F7556}") = "ChainOfResponsibility", "ChainOfResponsibility\ChainOfResponsibility.csproj", "{0A8ED3E4-B19A-40D1-98D5-1D259EA2C869}"
EndProject
Project("{9A19103F-16F7-4668-BE54-9A1E7A4F7556}") = "Command", "Command\Command.csproj", "{98F968EB-6427-4824-925A-E1C723EB2AE9}"
EndProject
Project("{9A19103F-16F7-4668-BE54-9A1E7A4F7556}") = "Compound", "Compound\Compound.csproj", "{C6478C08-8DD2-4841-82F0-EF65CBA49513}"
EndProject
Project("{9A19103F-16F7-4668-BE54-9A1E7A4F7556}") = "Mediator", "Mediator\Mediator.csproj", "{F6711F1C-53DE-4CB6-A1D3-4A93DFF28B9C}"
EndProject
Global
	GlobalSection(SolutionConfigurationPlatforms) = preSolution
		Debug|Any CPU = Debug|Any CPU
		Release|Any CPU = Release|Any CPU
	EndGlobalSection
	GlobalSection(ProjectConfigurationPlatforms) = postSolution
		{0A8ED3E4-B19A-40D1-98D5-1D259EA2C869}.Debug|Any CPU.ActiveCfg = Debug|Any CPU
		{0A8ED3E4-B19A-40D1-98D5-1D259EA2C869}.Debug|Any CPU.Build.0 = Debug|Any CPU
		{0A8ED3E4-B19A-40D1-98D5-1D259EA2C869}.Release|Any CPU.ActiveCfg = Release|Any CPU
		{0A8ED3E4-B19A-40D1-98D5-1D259EA2C869}.Release|Any CPU.Build.0 = Release|Any CPU
		{98F968EB-6427-4824-925A-E1C723EB2AE9}.Debug|Any CPU.ActiveCfg = Debug|Any CPU
		{98F968EB-6427-4824-925A-E1C723EB2AE9}.Debug|Any CPU.Build.0 = Debug|Any CPU
		{98F968EB-6427-4824-925A-E1C723EB2AE9}.Release|Any CPU.ActiveCfg = Release|Any CPU
		{98F968EB-6427-4824-925A-E1C723EB2AE9}.Release|Any CPU.Build.0 = Release|Any CPU
		{C6478C08-8DD2-4841-82F0-EF65CBA49513}.Debug|Any CPU.ActiveCfg = Debug|Any CPU
		{C6478C08-8DD2-4841-82F0-EF65CBA49513}.Debug|Any CPU.Build.0 = Debug|Any CPU
		{C6478C08-8DD2-4841-82F0-EF65CBA49513}.Release|Any CPU.ActiveCfg = Release|Any CPU
		{C6478C08-8DD2-4841-82F0-EF65CBA49513}.Release|Any CPU.Build.0 = Release|Any CPU
		{F6711F1C-53DE-4CB6-A1D3-4A93DFF28B9C}.Debug|Any CPU.ActiveCfg = Debug|Any CPU
		{F6711F1C-53DE-4CB6-A1D3-4A93DFF28B9C}.Debug|Any CPU.Build.0 = Debug|Any CPU
		{F6711F1C-53DE-4CB6-A1D3-4A93DFF28B9C}.Release|Any CPU.ActiveCfg = Release|Any CPU
		{F6711F1C-53DE-4CB6-A1D3-4A93DFF28B9C}.Release|Any CPU.Build.0 = Release|Any CPU
	EndGlobalSection
	GlobalSection(SolutionProperties) = preSolution
		HideSolutionNode = FALSE
	EndGlobalSection
	GlobalSection(ExtensibilityGlobals) = postSolution
		SolutionGuid = {63228258-391F-464E-A5C7-1C9BBB590176}
	EndGlobalSection
EndGlobal
